
Microsoft Visual Studio Solution File, Format Version 12.00
# Visual Studio Version 16
VisualStudioVersion = 16.0.31702.278
MinimumVisualStudioVersion = 10.0.40219.1
Project("{FAE04EC0-301F-11D3-BF4B-00C04F79EFBC}") = "Task-06", "Task-06\Task-06.csproj", "{94A3E7BF-BDAA-4B2D-9E53-CB0E5BF11B3E}"
EndProject
Project("{FAE04EC0-301F-11D3-BF4B-00C04F79EFBC}") = "UWP-037", "UWP-037\UWP-037.csproj", "{45788961-823F-4A88-BD24-9776DBDADE82}"
EndProject
Project("{FAE04EC0-301F-11D3-BF4B-00C04F79EFBC}") = "UWP-038", "UWP-038\UWP-038.csproj", "{619AD2F6-ACE9-4CAC-813E-5EDCA9FE981F}"
EndProject
Project("{FAE04EC0-301F-11D3-BF4B-00C04F79EFBC}") = "xBindDataExample", "xBindDataExample\xBindDataExample.csproj", "{F3E440DB-A33B-4BF7-AEFB-9DEF63F90D39}"
EndProject
Global
	GlobalSection(SolutionConfigurationPlatforms) = preSolution
		Debug|ARM = Debug|ARM
		Debug|ARM64 = Debug|ARM64
		Debug|x64 = Debug|x64
		Debug|x86 = Debug|x86
		Release|ARM = Release|ARM
		Release|ARM64 = Release|ARM64
		Release|x64 = Release|x64
		Release|x86 = Release|x86
	EndGlobalSection
	GlobalSection(ProjectConfigurationPlatforms) = postSolution
		{94A3E7BF-BDAA-4B2D-9E53-CB0E5BF11B3E}.Debug|ARM.ActiveCfg = Debug|ARM
		{94A3E7BF-BDAA-4B2D-9E53-CB0E5BF11B3E}.Debug|ARM.Build.0 = Debug|ARM
		{94A3E7BF-BDAA-4B2D-9E53-CB0E5BF11B3E}.Debug|ARM.Deploy.0 = Debug|ARM
		{94A3E7BF-BDAA-4B2D-9E53-CB0E5BF11B3E}.Debug|ARM64.ActiveCfg = Debug|ARM64
		{94A3E7BF-BDAA-4B2D-9E53-CB0E5BF11B3E}.Debug|ARM64.Build.0 = Debug|ARM64
		{94A3E7BF-BDAA-4B2D-9E53-CB0E5BF11B3E}.Debug|ARM64.Deploy.0 = Debug|ARM64
		{94A3E7BF-BDAA-4B2D-9E53-CB0E5BF11B3E}.Debug|x64.ActiveCfg = Debug|x64
		{94A3E7BF-BDAA-4B2D-9E53-CB0E5BF11B3E}.Debug|x64.Build.0 = Debug|x64
		{94A3E7BF-BDAA-4B2D-9E53-CB0E5BF11B3E}.Debug|x64.Deploy.0 = Debug|x64
		{94A3E7BF-BDAA-4B2D-9E53-CB0E5BF11B3E}.Debug|x86.ActiveCfg = Debug|x86
		{94A3E7BF-BDAA-4B2D-9E53-CB0E5BF11B3E}.Debug|x86.Build.0 = Debug|x86
		{94A3E7BF-BDAA-4B2D-9E53-CB0E5BF11B3E}.Debug|x86.Deploy.0 = Debug|x86
		{94A3E7BF-BDAA-4B2D-9E53-CB0E5BF11B3E}.Release|ARM.ActiveCfg = Release|ARM
		{94A3E7BF-BDAA-4B2D-9E53-CB0E5BF11B3E}.Release|ARM.Build.0 = Release|ARM
		{94A3E7BF-BDAA-4B2D-9E53-CB0E5BF11B3E}.Release|ARM.Deploy.0 = Release|ARM
		{94A3E7BF-BDAA-4B2D-9E53-CB0E5BF11B3E}.Release|ARM64.ActiveCfg = Release|ARM64
		{94A3E7BF-BDAA-4B2D-9E53-CB0E5BF11B3E}.Release|ARM64.Build.0 = Release|ARM64
		{94A3E7BF-BDAA-4B2D-9E53-CB0E5BF11B3E}.Release|ARM64.Deploy.0 = Release|ARM64
		{94A3E7BF-BDAA-4B2D-9E53-CB0E5BF11B3E}.Release|x64.ActiveCfg = Release|x64
		{94A3E7BF-BDAA-4B2D-9E53-CB0E5BF11B3E}.Release|x64.Build.0 = Release|x64
		{94A3E7BF-BDAA-4B2D-9E53-CB0E5BF11B3E}.Release|x64.Deploy.0 = Release|x64
		{94A3E7BF-BDAA-4B2D-9E53-CB0E5BF11B3E}.Release|x86.ActiveCfg = Release|x86
		{94A3E7BF-BDAA-4B2D-9E53-CB0E5BF11B3E}.Release|x86.Build.0 = Release|x86
		{94A3E7BF-BDAA-4B2D-9E53-CB0E5BF11B3E}.Release|x86.Deploy.0 = Release|x86
		{45788961-823F-4A88-BD24-9776DBDADE82}.Debug|ARM.ActiveCfg = Debug|ARM
		{45788961-823F-4A88-BD24-9776DBDADE82}.Debug|ARM.Build.0 = Debug|ARM
		{45788961-823F-4A88-BD24-9776DBDADE82}.Debug|ARM.Deploy.0 = Debug|ARM
		{45788961-823F-4A88-BD24-9776DBDADE82}.Debug|ARM64.ActiveCfg = Debug|ARM64
		{45788961-823F-4A88-BD24-9776DBDADE82}.Debug|ARM64.Build.0 = Debug|ARM64
		{45788961-823F-4A88-BD24-9776DBDADE82}.Debug|ARM64.Deploy.0 = Debug|ARM64
		{45788961-823F-4A88-BD24-9776DBDADE82}.Debug|x64.ActiveCfg = Debug|x64
		{45788961-823F-4A88-BD24-9776DBDADE82}.Debug|x64.Build.0 = Debug|x64
		{45788961-823F-4A88-BD24-9776DBDADE82}.Debug|x64.Deploy.0 = Debug|x64
		{45788961-823F-4A88-BD24-9776DBDADE82}.Debug|x86.ActiveCfg = Debug|x86
		{45788961-823F-4A88-BD24-9776DBDADE82}.Debug|x86.Build.0 = Debug|x86
		{45788961-823F-4A88-BD24-9776DBDADE82}.Debug|x86.Deploy.0 = Debug|x86
		{45788961-823F-4A88-BD24-9776DBDADE82}.Release|ARM.ActiveCfg = Release|ARM
		{45788961-823F-4A88-BD24-9776DBDADE82}.Release|ARM.Build.0 = Release|ARM
		{45788961-823F-4A88-BD24-9776DBDADE82}.Release|ARM.Deploy.0 = Release|ARM
		{45788961-823F-4A88-BD24-9776DBDADE82}.Release|ARM64.ActiveCfg = Release|ARM64
		{45788961-823F-4A88-BD24-9776DBDADE82}.Release|ARM64.Build.0 = Release|ARM64
		{45788961-823F-4A88-BD24-9776DBDADE82}.Release|ARM64.Deploy.0 = Release|ARM64
		{45788961-823F-4A88-BD24-9776DBDADE82}.Release|x64.ActiveCfg = Release|x64
		{45788961-823F-4A88-BD24-9776DBDADE82}.Release|x64.Build.0 = Release|x64
		{45788961-823F-4A88-BD24-9776DBDADE82}.Release|x64.Deploy.0 = Release|x64
		{45788961-823F-4A88-BD24-9776DBDADE82}.Release|x86.ActiveCfg = Release|x86
		{45788961-823F-4A88-BD24-9776DBDADE82}.Release|x86.Build.0 = Release|x86
		{45788961-823F-4A88-BD24-9776DBDADE82}.Release|x86.Deploy.0 = Release|x86
		{619AD2F6-ACE9-4CAC-813E-5EDCA9FE981F}.Debug|ARM.ActiveCfg = Debug|ARM
		{619AD2F6-ACE9-4CAC-813E-5EDCA9FE981F}.Debug|ARM.Build.0 = Debug|ARM
		{619AD2F6-ACE9-4CAC-813E-5EDCA9FE981F}.Debug|ARM.Deploy.0 = Debug|ARM
		{619AD2F6-ACE9-4CAC-813E-5EDCA9FE981F}.Debug|ARM64.ActiveCfg = Debug|ARM64
		{619AD2F6-ACE9-4CAC-813E-5EDCA9FE981F}.Debug|ARM64.Build.0 = Debug|ARM64
		{619AD2F6-ACE9-4CAC-813E-5EDCA9FE981F}.Debug|ARM64.Deploy.0 = Debug|ARM64
		{619AD2F6-ACE9-4CAC-813E-5EDCA9FE981F}.Debug|x64.ActiveCfg = Debug|x64
		{619AD2F6-ACE9-4CAC-813E-5EDCA9FE981F}.Debug|x64.Build.0 = Debug|x64
		{619AD2F6-ACE9-4CAC-813E-5EDCA9FE981F}.Debug|x64.Deploy.0 = Debug|x64
		{619AD2F6-ACE9-4CAC-813E-5EDCA9FE981F}.Debug|x86.ActiveCfg = Debug|x86
		{619AD2F6-ACE9-4CAC-813E-5EDCA9FE981F}.Debug|x86.Build.0 = Debug|x86
		{619AD2F6-ACE9-4CAC-813E-5EDCA9FE981F}.Debug|x86.Deploy.0 = Debug|x86
		{619AD2F6-ACE9-4CAC-813E-5EDCA9FE981F}.Release|ARM.ActiveCfg = Release|ARM
		{619AD2F6-ACE9-4CAC-813E-5EDCA9FE981F}.Release|ARM.Build.0 = Release|ARM
		{619AD2F6-ACE9-4CAC-813E-5EDCA9FE981F}.Release|ARM.Deploy.0 = Release|ARM
		{619AD2F6-ACE9-4CAC-813E-5EDCA9FE981F}.Release|ARM64.ActiveCfg = Release|ARM64
		{619AD2F6-ACE9-4CAC-813E-5EDCA9FE981F}.Release|ARM64.Build.0 = Release|ARM64
		{619AD2F6-ACE9-4CAC-813E-5EDCA9FE981F}.Release|ARM64.Deploy.0 = Release|ARM64
		{619AD2F6-ACE9-4CAC-813E-5EDCA9FE981F}.Release|x64.ActiveCfg = Release|x64
		{619AD2F6-ACE9-4CAC-813E-5EDCA9FE981F}.Release|x64.Build.0 = Release|x64
		{619AD2F6-ACE9-4CAC-813E-5EDCA9FE981F}.Release|x64.Deploy.0 = Release|x64
		{619AD2F6-ACE9-4CAC-813E-5EDCA9FE981F}.Release|x86.ActiveCfg = Release|x86
		{619AD2F6-ACE9-4CAC-813E-5EDCA9FE981F}.Release|x86.Build.0 = Release|x86
		{619AD2F6-ACE9-4CAC-813E-5EDCA9FE981F}.Release|x86.Deploy.0 = Release|x86
		{F3E440DB-A33B-4BF7-AEFB-9DEF63F90D39}.Debug|ARM.ActiveCfg = Debug|ARM
		{F3E440DB-A33B-4BF7-AEFB-9DEF63F90D39}.Debug|ARM.Build.0 = Debug|ARM
		{F3E440DB-A33B-4BF7-AEFB-9DEF63F90D39}.Debug|ARM.Deploy.0 = Debug|ARM
		{F3E440DB-A33B-4BF7-AEFB-9DEF63F90D39}.Debug|ARM64.ActiveCfg = Debug|ARM64
		{F3E440DB-A33B-4BF7-AEFB-9DEF63F90D39}.Debug|ARM64.Build.0 = Debug|ARM64
		{F3E440DB-A33B-4BF7-AEFB-9DEF63F90D39}.Debug|ARM64.Deploy.0 = Debug|ARM64
		{F3E440DB-A33B-4BF7-AEFB-9DEF63F90D39}.Debug|x64.ActiveCfg = Debug|x64
		{F3E440DB-A33B-4BF7-AEFB-9DEF63F90D39}.Debug|x64.Build.0 = Debug|x64
		{F3E440DB-A33B-4BF7-AEFB-9DEF63F90D39}.Debug|x64.Deploy.0 = Debug|x64
		{F3E440DB-A33B-4BF7-AEFB-9DEF63F90D39}.Debug|x86.ActiveCfg = Debug|x86
		{F3E440DB-A33B-4BF7-AEFB-9DEF63F90D39}.Debug|x86.Build.0 = Debug|x86
		{F3E440DB-A33B-4BF7-AEFB-9DEF63F90D39}.Debug|x86.Deploy.0 = Debug|x86
		{F3E440DB-A33B-4BF7-AEFB-9DEF63F90D39}.Release|ARM.ActiveCfg = Release|ARM
		{F3E440DB-A33B-4BF7-AEFB-9DEF63F90D39}.Release|ARM.Build.0 = Release|ARM
		{F3E440DB-A33B-4BF7-AEFB-9DEF63F90D39}.Release|ARM.Deploy.0 = Release|ARM
		{F3E440DB-A33B-4BF7-AEFB-9DEF63F90D39}.Release|ARM64.ActiveCfg = Release|ARM64
		{F3E440DB-A33B-4BF7-AEFB-9DEF63F90D39}.Release|ARM64.Build.0 = Release|ARM64
		{F3E440DB-A33B-4BF7-AEFB-9DEF63F90D39}.Release|ARM64.Deploy.0 = Release|ARM64
		{F3E440DB-A33B-4BF7-AEFB-9DEF63F90D39}.Release|x64.ActiveCfg = Release|x64
		{F3E440DB-A33B-4BF7-AEFB-9DEF63F90D39}.Release|x64.Build.0 = Release|x64
		{F3E440DB-A33B-4BF7-AEFB-9DEF63F90D39}.Release|x64.Deploy.0 = Release|x64
		{F3E440DB-A33B-4BF7-AEFB-9DEF63F90D39}.Release|x86.ActiveCfg = Release|x86
		{F3E440DB-A33B-4BF7-AEFB-9DEF63F90D39}.Release|x86.Build.0 = Release|x86
		{F3E440DB-A33B-4BF7-AEFB-9DEF63F90D39}.Release|x86.Deploy.0 = Release|x86
	EndGlobalSection
	GlobalSection(SolutionProperties) = preSolution
		HideSolutionNode = FALSE
	EndGlobalSection
	GlobalSection(ExtensibilityGlobals) = postSolution
		SolutionGuid = {F782CCE6-75A8-40B3-9E3B-08B0AF649361}
	EndGlobalSection
EndGlobal
